
Microsoft Visual Studio Solution File, Format Version 12.00
# Visual Studio Version 16
VisualStudioVersion = 16.0.29926.136
MinimumVisualStudioVersion = 10.0.40219.1
Project("{FAE04EC0-301F-11D3-BF4B-00C04F79EFBC}") = "True-Table-Calculator", "True-Table-Calculator.csproj", "{1826E66E-1F1A-4DC5-B35E-335DAEA79020}"
EndProject
Global
	GlobalSection(SolutionConfigurationPlatforms) = preSolution
		Debug|Any CPU = Debug|Any CPU
		Release|Any CPU = Release|Any CPU
	EndGlobalSection
	GlobalSection(ProjectConfigurationPlatforms) = postSolution
		{1826E66E-1F1A-4DC5-B35E-335DAEA79020}.Debug|Any CPU.ActiveCfg = Release|Any CPU
		{1826E66E-1F1A-4DC5-B35E-335DAEA79020}.Debug|Any CPU.Build.0 = Release|Any CPU
		{1826E66E-1F1A-4DC5-B35E-335DAEA79020}.Release|Any CPU.ActiveCfg = Release|Any CPU
		{1826E66E-1F1A-4DC5-B35E-335DAEA79020}.Release|Any CPU.Build.0 = Release|Any CPU
	EndGlobalSection
	GlobalSection(SolutionProperties) = preSolution
		HideSolutionNode = FALSE
	EndGlobalSection
	GlobalSection(ExtensibilityGlobals) = postSolution
		SolutionGuid = {D9795070-105E-443B-A0F9-6F97AE14E1F9}
	EndGlobalSection
EndGlobal
